
Microsoft Visual Studio Solution File, Format Version 12.00
# Visual Studio 14
VisualStudioVersion = 14.0.25420.1
MinimumVisualStudioVersion = 10.0.40219.1
Project("{9A19103F-16F7-4668-BE54-9A1E7A4F7556}") = "ChronologyGenerator", "ChronologyGenerator\ChronologyGenerator.csproj", "{C7FCA84E-CE9B-4778-8AC5-29B1233F5E77}"
EndProject
Project("{2150E333-8FDC-42A3-9474-1A3956D46DE8}") = "Resources", "Resources", "{550A82AD-4FC3-4AD7-8529-9A7A16F5942C}"
	ProjectSection(SolutionItems) = preProject
		Resources\thumbnail-template.svg = Resources\thumbnail-template.svg
	EndProjectSection
EndProject
Global
	GlobalSection(SolutionConfigurationPlatforms) = preSolution
		Debug|Any CPU = Debug|Any CPU
		Release|Any CPU = Release|Any CPU
	EndGlobalSection
	GlobalSection(ProjectConfigurationPlatforms) = postSolution
		{C7FCA84E-CE9B-4778-8AC5-29B1233F5E77}.Debug|Any CPU.ActiveCfg = Debug|Any CPU
		{C7FCA84E-CE9B-4778-8AC5-29B1233F5E77}.Debug|Any CPU.Build.0 = Debug|Any CPU
		{C7FCA84E-CE9B-4778-8AC5-29B1233F5E77}.Release|Any CPU.ActiveCfg = Release|Any CPU
		{C7FCA84E-CE9B-4778-8AC5-29B1233F5E77}.Release|Any CPU.Build.0 = Release|Any CPU
	EndGlobalSection
	GlobalSection(SolutionProperties) = preSolution
		HideSolutionNode = FALSE
	EndGlobalSection
EndGlobal
